{
  "requires": true,
  "lockfileVersion": 1,
  "dependencies": {
    "@thelevicole/youtube-to-html5-loader": {
      "version": "3.1.1",
      "resolved": "https://registry.npmjs.org/@thelevicole/youtube-to-html5-loader/-/youtube-to-html5-loader-3.1.1.tgz",
      "integrity": "sha512-sPgSzgyl7VTn9wpF6HaiRKHIIpbQZ+WJB1N3n53i0rjYCZ631XVbigZ4lBPVg2DCTWZLuQgMu+q0IWyWiHM/Nw=="
    }
  }
}
